{
  "name": "fb_post_capture",
  "version": "1.0.0",
  "lockfileVersion": 1,
  "requires": true,
  "dependencies": {
    "@babel/runtime": {
      "version": "7.10.2",
      "resolved": "https://registry.npmjs.org/@babel/runtime/-/runtime-7.10.2.tgz",
      "integrity": "sha512-6sF3uQw2ivImfVIl62RZ7MXhO2tap69WeWK57vAaimT6AZbE4FbqjdEJIN1UqoD6wI6B+1n9UiagafH1sxjOtg==",
      "requires": {
        "regenerator-runtime": "^0.13.4"
      }
    },
    "@jimp/bmp": {
      "version": "0.13.0",
      "resolved": "https://registry.npmjs.org/@jimp/bmp/-/bmp-0.13.0.tgz",
      "integrity": "sha512-7i/XZLoK5JETBKO0VL7qjnr6WDVl1X8mmaUk6Lzq06/veMPC5IwUIZi1JRVAXPEwTf5uUegq0WFnmUS0lVYzFw==",
      "requires": {
        "@babel/runtime": "^7.7.2",
        "@jimp/utils": "^0.13.0",
        "bmp-js": "^0.1.0"
      }
    },
    "@jimp/core": {
      "version": "0.13.0",
      "resolved": "https://registry.npmjs.org/@jimp/core/-/core-0.13.0.tgz",
      "integrity": "sha512-BMFEUm5HbRP4yCo4Q23CJFx/v6Yr3trw7rERmS1GKUEooDq9ktApZWWTvWq/vggKyysKX0nQ+KT+FaFD/75Q+Q==",
      "requires": {
        "@babel/runtime": "^7.7.2",
        "@jimp/utils": "^0.13.0",
        "any-base": "^1.1.0",
        "buffer": "^5.2.0",
        "exif-parser": "^0.1.12",
        "file-type": "^9.0.0",
        "load-bmfont": "^1.3.1",
        "mkdirp": "^0.5.1",
        "phin": "^2.9.1",
        "pixelmatch": "^4.0.2",
        "tinycolor2": "^1.4.1"
      }
    },
    "@jimp/custom": {
      "version": "0.13.0",
      "resolved": "https://registry.npmjs.org/@jimp/custom/-/custom-0.13.0.tgz",
      "integrity": "sha512-Zir/CHoLRhQDGfPWueCIQbVjVUlayNIUch9fulq4M9V2S+ynHx9BqRn58z8wy+mk8jm1WlpRVhvZ8QUenbL0vg==",
      "requires": {
        "@babel/runtime": "^7.7.2",
        "@jimp/core": "^0.13.0"
      }
    },
    "@jimp/gif": {
      "version": "0.13.0",
      "resolved": "https://registry.npmjs.org/@jimp/gif/-/gif-0.13.0.tgz",
      "integrity": "sha512-7FO2Fa9FZluqGt1MM/L8s6P5UEedxrIQT2eBAxzB8Z82YTTSWQXw4bdrZWCwiQjBFZwKTIaULIfw6+TxA/Q2XA==",
      "requires": {
        "@babel/runtime": "^7.7.2",
        "@jimp/utils": "^0.13.0",
        "gifwrap": "^0.9.2",
        "omggif": "^1.0.9"
      }
    },
    "@jimp/jpeg": {
      "version": "0.13.0",
      "resolved": "https://registry.npmjs.org/@jimp/jpeg/-/jpeg-0.13.0.tgz",
      "integrity": "sha512-Fol/DxA1lnIzCsNx/CckIEoyWImQHiWPgFAWL5s7VIVaJrEFnnbRqfOxmvr8yWg8mh3hWLeXNcxqA82CKXgg+Q==",
      "requires": {
        "@babel/runtime": "^7.7.2",
        "@jimp/utils": "^0.13.0",
        "jpeg-js": "^0.4.0"
      }
    },
    "@jimp/plugin-blit": {
      "version": "0.13.0",
      "resolved": "https://registry.npmjs.org/@jimp/plugin-blit/-/plugin-blit-0.13.0.tgz",
      "integrity": "sha512-roCShFZosJgRMLCLzuOT1pRZysQF/p3avQieZiu9pfg2F9X09f91OauU2Lf3/yOp0TZCWbheqbem9MPlhyED8w==",
      "requires": {
        "@babel/runtime": "^7.7.2",
        "@jimp/utils": "^0.13.0"
      }
    },
    "@jimp/plugin-blur": {
      "version": "0.13.0",
      "resolved": "https://registry.npmjs.org/@jimp/plugin-blur/-/plugin-blur-0.13.0.tgz",
      "integrity": "sha512-LeBhQe72bRk2fe2AftcqcDaWgSu6vFD0fxiAYYMy3pHa8pnPAwnw2W3u4bV/gc5XJt6AJzoRyc7WVG2pE4A3gg==",
      "requires": {
        "@babel/runtime": "^7.7.2",
        "@jimp/utils": "^0.13.0"
      }
    },
    "@jimp/plugin-circle": {
      "version": "0.13.0",
      "resolved": "https://registry.npmjs.org/@jimp/plugin-circle/-/plugin-circle-0.13.0.tgz",
      "integrity": "sha512-INwIl8zgWnJYXxYkNhIjG8TXg2Q1nh008SDKyC+Pug4ce/XRJC8w/Gk6HS+U9Z2tIO2/zXv473k/JaiwvDMu1w==",
      "requires": {
        "@babel/runtime": "^7.7.2",
        "@jimp/utils": "^0.13.0"
      }
    },
    "@jimp/plugin-color": {
      "version": "0.13.0",
      "resolved": "https://registry.npmjs.org/@jimp/plugin-color/-/plugin-color-0.13.0.tgz",
      "integrity": "sha512-e71UDivZdZGOhQRLjDo4a0BKgrH858HJ7zFk7/Yti58LwgeIGjYHhuYc+xQOdnBWPzGSD47TuFX5GXmf/x1nmg==",
      "requires": {
        "@babel/runtime": "^7.7.2",
        "@jimp/utils": "^0.13.0",
        "tinycolor2": "^1.4.1"
      }
    },
    "@jimp/plugin-contain": {
      "version": "0.13.0",
      "resolved": "https://registry.npmjs.org/@jimp/plugin-contain/-/plugin-contain-0.13.0.tgz",
      "integrity": "sha512-qPYS+ccMP4mEnf7BB0bcaszUTth8OxeRX0MdMvU6PDEI0nIvVVNwmuI6YtNqqs12PwuYxgPkq6AFenyLyoNP1g==",
      "requires": {
        "@babel/runtime": "^7.7.2",
        "@jimp/utils": "^0.13.0"
      }
    },
    "@jimp/plugin-cover": {
      "version": "0.13.0",
      "resolved": "https://registry.npmjs.org/@jimp/plugin-cover/-/plugin-cover-0.13.0.tgz",
      "integrity": "sha512-S2GkbXNgIb0afof/NLLq9IJDZPOcFtu1mc32ngt9S8HzXsNHgRAzONW7cg56bwQ6p0+sz/dS5tB4ctOW/pu/Dw==",
      "requires": {
        "@babel/runtime": "^7.7.2",
        "@jimp/utils": "^0.13.0"
      }
    },
    "@jimp/plugin-crop": {
      "version": "0.13.0",
      "resolved": "https://registry.npmjs.org/@jimp/plugin-crop/-/plugin-crop-0.13.0.tgz",
      "integrity": "sha512-Y1Ug3kOzsq72EjLiWQlwkHuvUvdSmFUDtxpyOXh3RxeWF7wmdjH8FvdhPj8hWvFLsDYFgWGaLI4Z6SXOr+N8nA==",
      "requires": {
        "@babel/runtime": "^7.7.2",
        "@jimp/utils": "^0.13.0"
      }
    },
    "@jimp/plugin-displace": {
      "version": "0.13.0",
      "resolved": "https://registry.npmjs.org/@jimp/plugin-displace/-/plugin-displace-0.13.0.tgz",
      "integrity": "sha512-c80VIUjIqQoavafthLpYRZdzANCxbOCHzqkFVbZ0kNKJnDDk6fW55mvVW4TJLDToDU81WMlttCmNV0oXcX93gQ==",
      "requires": {
        "@babel/runtime": "^7.7.2",
        "@jimp/utils": "^0.13.0"
      }
    },
    "@jimp/plugin-dither": {
      "version": "0.13.0",
      "resolved": "https://registry.npmjs.org/@jimp/plugin-dither/-/plugin-dither-0.13.0.tgz",
      "integrity": "sha512-EUz/y/AaQ00TnaiVLVAXLz8n8Nx7S36lKi4VXPeYy5a5FyzBimxNiKxdITVe9zooN7+H4FP++/xGFGFMpfWtRg==",
      "requires": {
        "@babel/runtime": "^7.7.2",
        "@jimp/utils": "^0.13.0"
      }
    },
    "@jimp/plugin-fisheye": {
      "version": "0.13.0",
      "resolved": "https://registry.npmjs.org/@jimp/plugin-fisheye/-/plugin-fisheye-0.13.0.tgz",
      "integrity": "sha512-O7h5pNTk2sYcTKxLvV6+zzUpLx8qzdNl6qiP9x1S0CKy64oZ9IwtK1eR1eLom0YA8tUR7rX5Ra4pB8bhq8Oyqw==",
      "requires": {
        "@babel/runtime": "^7.7.2",
        "@jimp/utils": "^0.13.0"
      }
    },
    "@jimp/plugin-flip": {
      "version": "0.13.0",
      "resolved": "https://registry.npmjs.org/@jimp/plugin-flip/-/plugin-flip-0.13.0.tgz",
      "integrity": "sha512-gWk+Q0LmCvupUuWRfoGyETmH/+lJKZuPCeA9K6UHJldq5Cdg/3MrlKUNS1HcPCDXjw+dWDGC8QnNslvMTaY5VQ==",
      "requires": {
        "@babel/runtime": "^7.7.2",
        "@jimp/utils": "^0.13.0"
      }
    },
    "@jimp/plugin-gaussian": {
      "version": "0.13.0",
      "resolved": "https://registry.npmjs.org/@jimp/plugin-gaussian/-/plugin-gaussian-0.13.0.tgz",
      "integrity": "sha512-0ctRqbCcLdy8y9IrSIH2McWNPLnEwjoe8qxtqoi51zRsM3z3mwjiTC2q8AWeF0SdIdWwV+YV/eP0494AJqjTsg==",
      "requires": {
        "@babel/runtime": "^7.7.2",
        "@jimp/utils": "^0.13.0"
      }
    },
    "@jimp/plugin-invert": {
      "version": "0.13.0",
      "resolved": "https://registry.npmjs.org/@jimp/plugin-invert/-/plugin-invert-0.13.0.tgz",
      "integrity": "sha512-k7TWx/la0MrTcT1dMtncV6I9IuGToRm9Q0ekzfb3k8bHzWRYX4SUtt/WrZ/I+/znD/fGorLtFI057v7mcLJc5A==",
      "requires": {
        "@babel/runtime": "^7.7.2",
        "@jimp/utils": "^0.13.0"
      }
    },
    "@jimp/plugin-mask": {
      "version": "0.13.0",
      "resolved": "https://registry.npmjs.org/@jimp/plugin-mask/-/plugin-mask-0.13.0.tgz",
      "integrity": "sha512-U3OdsgtMNpbCYc1lzzu96zdSgyz7BK9eD8IoFHdw4Ma8gCuM8kp9gdBJlKnzOh8eyYvssdCMZOWz9Xbxc5xH9A==",
      "requires": {
        "@babel/runtime": "^7.7.2",
        "@jimp/utils": "^0.13.0"
      }
    },
    "@jimp/plugin-normalize": {
      "version": "0.13.0",
      "resolved": "https://registry.npmjs.org/@jimp/plugin-normalize/-/plugin-normalize-0.13.0.tgz",
      "integrity": "sha512-yKOgZSvOxSHNlh+U9NOQH4Drgca0Dwb7DQRk3vj67gvHQC96JafIpGwN+9V4fP89lA3rkItbw6xgN6C/28HEUQ==",
      "requires": {
        "@babel/runtime": "^7.7.2",
        "@jimp/utils": "^0.13.0"
      }
    },
    "@jimp/plugin-print": {
      "version": "0.13.0",
      "resolved": "https://registry.npmjs.org/@jimp/plugin-print/-/plugin-print-0.13.0.tgz",
      "integrity": "sha512-Tv7r/1t7z63oLeRuEWw9xbm0G5uuBE54986+BOu8OFaHBpV/BbVHrE7ouApA0mKVZqMZCVjhO6Ph8+uFzRjdOw==",
      "requires": {
        "@babel/runtime": "^7.7.2",
        "@jimp/utils": "^0.13.0",
        "load-bmfont": "^1.4.0"
      }
    },
    "@jimp/plugin-resize": {
      "version": "0.13.0",
      "resolved": "https://registry.npmjs.org/@jimp/plugin-resize/-/plugin-resize-0.13.0.tgz",
      "integrity": "sha512-XOo0Skn7aq/aGxV9czFx6EaBUbAsAGCVbAS26fMM0AZ4YAWWUEleKTpHunEo92giIPhvlxeFFjQR2jQ9UcB3uQ==",
      "requires": {
        "@babel/runtime": "^7.7.2",
        "@jimp/utils": "^0.13.0"
      }
    },
    "@jimp/plugin-rotate": {
      "version": "0.13.0",
      "resolved": "https://registry.npmjs.org/@jimp/plugin-rotate/-/plugin-rotate-0.13.0.tgz",
      "integrity": "sha512-BaNeh655kF9Rz01ZV+Bkc8hLsHpNu3QnzigruVDjGt9Paoig0EBr+Dgyjje+7eTLu20kyuyxwPUAxLSOiPiraQ==",
      "requires": {
        "@babel/runtime": "^7.7.2",
        "@jimp/utils": "^0.13.0"
      }
    },
    "@jimp/plugin-scale": {
      "version": "0.13.0",
      "resolved": "https://registry.npmjs.org/@jimp/plugin-scale/-/plugin-scale-0.13.0.tgz",
      "integrity": "sha512-e/f7lvii+DmRMgYF+uBKQy437f+J66WbL0FcFEataCF/W9UkTIQGeXdECwJSPfqr81SxC5mGbSBbsdbMKChzAQ==",
      "requires": {
        "@babel/runtime": "^7.7.2",
        "@jimp/utils": "^0.13.0"
      }
    },
    "@jimp/plugin-shadow": {
      "version": "0.13.0",
      "resolved": "https://registry.npmjs.org/@jimp/plugin-shadow/-/plugin-shadow-0.13.0.tgz",
      "integrity": "sha512-qObtH63dmfPLze5wE8XDRjDsBOUnAfEWib4YbjPXGBZVxeKD7+2oPGemsK56HqC/+rYzIynkbi4MUIV1Q0dGjA==",
      "requires": {
        "@babel/runtime": "^7.7.2",
        "@jimp/utils": "^0.13.0"
      }
    },
    "@jimp/plugin-threshold": {
      "version": "0.13.0",
      "resolved": "https://registry.npmjs.org/@jimp/plugin-threshold/-/plugin-threshold-0.13.0.tgz",
      "integrity": "sha512-ACF7jk0ogso+2RK+0EsvBupVfE3IMq39wGFQWgpnHR9Tj12mSO279f6i/H8bcj1ZXmHot22nwLOG0wO4AlAaRg==",
      "requires": {
        "@babel/runtime": "^7.7.2",
        "@jimp/utils": "^0.13.0"
      }
    },
    "@jimp/plugins": {
      "version": "0.13.0",
      "resolved": "https://registry.npmjs.org/@jimp/plugins/-/plugins-0.13.0.tgz",
      "integrity": "sha512-onu8GnSnFjLFuFVFq8+aTYFIDfH8kwZuBHeGaDyScPFFn6QMKsPl4TeLzQ5vwIPvcpkADuFFfuAshE4peutjjA==",
      "requires": {
        "@babel/runtime": "^7.7.2",
        "@jimp/plugin-blit": "^0.13.0",
        "@jimp/plugin-blur": "^0.13.0",
        "@jimp/plugin-circle": "^0.13.0",
        "@jimp/plugin-color": "^0.13.0",
        "@jimp/plugin-contain": "^0.13.0",
        "@jimp/plugin-cover": "^0.13.0",
        "@jimp/plugin-crop": "^0.13.0",
        "@jimp/plugin-displace": "^0.13.0",
        "@jimp/plugin-dither": "^0.13.0",
        "@jimp/plugin-fisheye": "^0.13.0",
        "@jimp/plugin-flip": "^0.13.0",
        "@jimp/plugin-gaussian": "^0.13.0",
        "@jimp/plugin-invert": "^0.13.0",
        "@jimp/plugin-mask": "^0.13.0",
        "@jimp/plugin-normalize": "^0.13.0",
        "@jimp/plugin-print": "^0.13.0",
        "@jimp/plugin-resize": "^0.13.0",
        "@jimp/plugin-rotate": "^0.13.0",
        "@jimp/plugin-scale": "^0.13.0",
        "@jimp/plugin-shadow": "^0.13.0",
        "@jimp/plugin-threshold": "^0.13.0",
        "timm": "^1.6.1"
      }
    },
    "@jimp/png": {
      "version": "0.13.0",
      "resolved": "https://registry.npmjs.org/@jimp/png/-/png-0.13.0.tgz",
      "integrity": "sha512-9MVU0BLMQKJ6Kaiwjrq6dLDnDktZzeHtxz4qthRHaGOyHLx3RpxmbhaDuK9dDg6NASX3JuXznEhaOP4lqQODpQ==",
      "requires": {
        "@babel/runtime": "^7.7.2",
        "@jimp/utils": "^0.13.0",
        "pngjs": "^3.3.3"
      }
    },
    "@jimp/tiff": {
      "version": "0.13.0",
      "resolved": "https://registry.npmjs.org/@jimp/tiff/-/tiff-0.13.0.tgz",
      "integrity": "sha512-8lLGgEmhVRRjzZfn/QgpM3+mijq5ORYqRHtLcqDgcQaUY/q/OU1CxLYX777pozyQ3KIq1O+jyyHZm2xu3RZkPA==",
      "requires": {
        "@babel/runtime": "^7.7.2",
        "utif": "^2.0.1"
      }
    },
    "@jimp/types": {
      "version": "0.13.0",
      "resolved": "https://registry.npmjs.org/@jimp/types/-/types-0.13.0.tgz",
      "integrity": "sha512-qGq9qVHiRTgtIy061FSBr9l7OFrSiFLkKyQVnOBndEjwls2XLBKXkMmSD2U3oiHcNuf3ACsDSTIzK3KX/hDHvg==",
      "requires": {
        "@babel/runtime": "^7.7.2",
        "@jimp/bmp": "^0.13.0",
        "@jimp/gif": "^0.13.0",
        "@jimp/jpeg": "^0.13.0",
        "@jimp/png": "^0.13.0",
        "@jimp/tiff": "^0.13.0",
        "timm": "^1.6.1"
      }
    },
    "@jimp/utils": {
      "version": "0.13.0",
      "resolved": "https://registry.npmjs.org/@jimp/utils/-/utils-0.13.0.tgz",
      "integrity": "sha512-zA4573jE4FIpBKiYpPGo66JOAGdv/FS/N9fW9GpkbwJeTu12fV+r4R1ARSyt8UEKdE4DMBatBmQC0U2FGZijOA==",
      "requires": {
        "@babel/runtime": "^7.7.2",
        "regenerator-runtime": "^0.13.3"
      }
    },
    "agent-base": {
      "version": "4.1.1",
      "resolved": "https://registry.npmjs.org/agent-base/-/agent-base-4.1.1.tgz",
      "integrity": "sha512-yWGUUmCZD/33IRjG2It94PzixT8lX+47Uq8fjmd0cgQWITCMrJuXFaVIMnGDmDnZGGKAGdwTx8UGeU8lMR2urA==",
      "requires": {
        "es6-promisify": "5.0.0"
      }
    },
    "any-base": {
      "version": "1.1.0",
      "resolved": "https://registry.npmjs.org/any-base/-/any-base-1.1.0.tgz",
      "integrity": "sha512-uMgjozySS8adZZYePpaWs8cxB9/kdzmpX6SgJZ+wbz1K5eYk5QMYDVJaZKhxyIHUdnnJkfR7SVgStgH7LkGUyg=="
    },
    "authenticator": {
      "version": "1.1.5",
      "resolved": "https://registry.npmjs.org/authenticator/-/authenticator-1.1.5.tgz",
      "integrity": "sha512-eaT0Trfxka28DkljLQDxuoSn9uDTaYIoXhZMsAw3Z54fNC7BMIsvIxfG6Y5s+y02CH59IIyY3p1EOMqeIpljWQ==",
      "requires": {
        "authenticator-cli": "^1.0.5",
        "notp": "^2.0.3",
        "thirty-two": "0.0.2"
      },
      "dependencies": {
        "authenticator-cli": {
          "version": "1.0.5",
          "resolved": "https://registry.npmjs.org/authenticator-cli/-/authenticator-cli-1.0.5.tgz",
          "integrity": "sha512-8FjXzLnytd93zE9IxtOr7/uptlxGBjQhWw6qEjPPLhfq1TqrUpaBEhPYOErtHWIPuveAgzHHEBgp2bh6GdQ6Ew==",
          "requires": {
            "authenticator": "^1.1.0",
            "cli": "^1.0.1",
            "qrcode-terminal": "^0.12.0"
          }
        }
      }
    },
    "balanced-match": {
      "version": "1.0.0",
      "resolved": "https://registry.npmjs.org/balanced-match/-/balanced-match-1.0.0.tgz",
      "integrity": "sha1-ibTRmasr7kneFk6gK4nORi1xt2c="
    },
    "base64-js": {
      "version": "1.3.1",
      "resolved": "https://registry.npmjs.org/base64-js/-/base64-js-1.3.1.tgz",
      "integrity": "sha512-mLQ4i2QO1ytvGWFWmcngKO//JXAQueZvwEKtjgQFM4jIK0kU+ytMfplL8j+n5mspOfjHwoAg+9yhb7BwAHm36g=="
    },
    "bmp-js": {
      "version": "0.1.0",
      "resolved": "https://registry.npmjs.org/bmp-js/-/bmp-js-0.1.0.tgz",
      "integrity": "sha1-4Fpj95amwf8l9Hcex62twUjAcjM="
    },
    "brace-expansion": {
      "version": "1.1.8",
      "resolved": "https://registry.npmjs.org/brace-expansion/-/brace-expansion-1.1.8.tgz",
      "integrity": "sha1-wHshHHyVLsH479Uad+8NHTmQopI=",
      "requires": {
        "balanced-match": "1.0.0",
        "concat-map": "0.0.1"
      }
    },
    "buffer": {
      "version": "5.6.0",
      "resolved": "https://registry.npmjs.org/buffer/-/buffer-5.6.0.tgz",
      "integrity": "sha512-/gDYp/UtU0eA1ys8bOs9J6a+E/KWIY+DZ+Q2WESNUA0jFRsJOc0SNUO6xJ5SGA1xueg3NL65W6s+NY5l9cunuw==",
      "requires": {
        "base64-js": "^1.0.2",
        "ieee754": "^1.1.4"
      }
    },
    "buffer-equal": {
      "version": "0.0.1",
      "resolved": "https://registry.npmjs.org/buffer-equal/-/buffer-equal-0.0.1.tgz",
      "integrity": "sha1-kbx0sR6kBbyRa8aqkI+q+ltKrEs="
    },
    "cli": {
      "version": "1.0.1",
      "resolved": "https://registry.npmjs.org/cli/-/cli-1.0.1.tgz",
      "integrity": "sha1-IoF1NPJL+klQw01TLUjsvGIbjBQ=",
      "requires": {
        "exit": "0.1.2",
        "glob": "^7.1.1"
      }
    },
    "concat-map": {
      "version": "0.0.1",
      "resolved": "https://registry.npmjs.org/concat-map/-/concat-map-0.0.1.tgz",
      "integrity": "sha1-2Klr13/Wjfd5OnMDajug1UBdR3s="
    },
    "concat-stream": {
      "version": "1.6.0",
      "resolved": "https://registry.npmjs.org/concat-stream/-/concat-stream-1.6.0.tgz",
      "integrity": "sha1-CqxmL9Ur54lk1VMvaUeE5wEQrPc=",
      "requires": {
        "inherits": "2.0.3",
        "readable-stream": "2.3.3",
        "typedarray": "0.0.6"
      }
    },
    "core-util-is": {
      "version": "1.0.2",
      "resolved": "https://registry.npmjs.org/core-util-is/-/core-util-is-1.0.2.tgz",
      "integrity": "sha1-tf1UIgqivFq1eqtxQMlAdUUDwac="
    },
    "debug": {
      "version": "2.6.8",
      "resolved": "https://registry.npmjs.org/debug/-/debug-2.6.8.tgz",
      "integrity": "sha1-5zFTHKLt4n0YgiJCfaF4IdaP9Pw=",
      "requires": {
        "ms": "2.0.0"
      }
    },
    "dom-walk": {
      "version": "0.1.2",
      "resolved": "https://registry.npmjs.org/dom-walk/-/dom-walk-0.1.2.tgz",
      "integrity": "sha512-6QvTW9mrGeIegrFXdtQi9pk7O/nSK6lSdXW2eqUspN5LWD7UTji2Fqw5V2YLjBpHEoU9Xl/eUWNpDeZvoyOv2w=="
    },
    "es6-promisify": {
      "version": "5.0.0",
      "resolved": "https://registry.npmjs.org/es6-promisify/-/es6-promisify-5.0.0.tgz",
      "integrity": "sha1-UQnWLz5W6pZ8S2NQWu8IKRyKUgM=",
      "requires": {
        "es6-promise": "4.1.1"
      },
      "dependencies": {
        "es6-promise": {
          "version": "4.1.1",
          "resolved": "https://registry.npmjs.org/es6-promise/-/es6-promise-4.1.1.tgz",
          "integrity": "sha512-OaU1hHjgJf+b0NzsxCg7NdIYERD6Hy/PEmFLTjw+b65scuisG3Kt4QoTvJ66BBkPZ581gr0kpoVzKnxniM8nng=="
        }
      }
    },
    "exif-parser": {
      "version": "0.1.12",
      "resolved": "https://registry.npmjs.org/exif-parser/-/exif-parser-0.1.12.tgz",
      "integrity": "sha1-WKnS1ywCwfbwKg70qRZicrd2CSI="
    },
    "exit": {
      "version": "0.1.2",
      "resolved": "https://registry.npmjs.org/exit/-/exit-0.1.2.tgz",
      "integrity": "sha1-BjJjj42HfMghB9MKD/8aF8uhzQw="
    },
    "extract-zip": {
      "version": "1.6.5",
      "resolved": "https://registry.npmjs.org/extract-zip/-/extract-zip-1.6.5.tgz",
      "integrity": "sha1-maBnNbbqIOqbcF13ms/8yHz/BEA=",
      "requires": {
        "concat-stream": "1.6.0",
        "debug": "2.2.0",
        "mkdirp": "0.5.0",
        "yauzl": "2.4.1"
      },
      "dependencies": {
        "debug": {
          "version": "2.2.0",
          "resolved": "https://registry.npmjs.org/debug/-/debug-2.2.0.tgz",
          "integrity": "sha1-+HBX6ZWxofauaklgZkE3vFbwOdo=",
          "requires": {
            "ms": "0.7.1"
          }
        },
        "minimist": {
          "version": "0.0.8",
          "resolved": "https://registry.npmjs.org/minimist/-/minimist-0.0.8.tgz",
          "integrity": "sha1-hX/Kv8M5fSYluCKCYuhqp6ARsF0="
        },
        "mkdirp": {
          "version": "0.5.0",
          "resolved": "https://registry.npmjs.org/mkdirp/-/mkdirp-0.5.0.tgz",
          "integrity": "sha1-HXMHam35hs2TROFecfzAWkyavxI=",
          "requires": {
            "minimist": "0.0.8"
          }
        },
        "ms": {
          "version": "0.7.1",
          "resolved": "https://registry.npmjs.org/ms/-/ms-0.7.1.tgz",
          "integrity": "sha1-nNE8A62/8ltl7/3nzoZO6VIBcJg="
        }
      }
    },
    "fd-slicer": {
      "version": "1.0.1",
      "resolved": "https://registry.npmjs.org/fd-slicer/-/fd-slicer-1.0.1.tgz",
      "integrity": "sha1-i1vL2ewyfFBBv5qwI/1nUPEXfmU=",
      "requires": {
        "pend": "1.2.0"
      }
    },
    "file-type": {
      "version": "9.0.0",
      "resolved": "https://registry.npmjs.org/file-type/-/file-type-9.0.0.tgz",
      "integrity": "sha512-Qe/5NJrgIOlwijpq3B7BEpzPFcgzggOTagZmkXQY4LA6bsXKTUstK7Wp12lEJ/mLKTpvIZxmIuRcLYWT6ov9lw=="
    },
    "fs.realpath": {
      "version": "1.0.0",
      "resolved": "https://registry.npmjs.org/fs.realpath/-/fs.realpath-1.0.0.tgz",
      "integrity": "sha1-FQStJSMVjKpA20onh8sBQRmU6k8="
    },
    "gifwrap": {
      "version": "0.9.2",
      "resolved": "https://registry.npmjs.org/gifwrap/-/gifwrap-0.9.2.tgz",
      "integrity": "sha512-fcIswrPaiCDAyO8xnWvHSZdWChjKXUanKKpAiWWJ/UTkEi/aYKn5+90e7DE820zbEaVR9CE2y4z9bzhQijZ0BA==",
      "requires": {
        "image-q": "^1.1.1",
        "omggif": "^1.0.10"
      }
    },
    "glob": {
      "version": "7.1.2",
      "resolved": "https://registry.npmjs.org/glob/-/glob-7.1.2.tgz",
      "integrity": "sha512-MJTUg1kjuLeQCJ+ccE4Vpa6kKVXkPYJ2mOCQyUuKLcLQsdrMCpBPUi8qVE6+YuaJkozeA9NusTAw3hLr8Xe5EQ==",
      "requires": {
        "fs.realpath": "1.0.0",
        "inflight": "1.0.6",
        "inherits": "2.0.3",
        "minimatch": "3.0.4",
        "once": "1.4.0",
        "path-is-absolute": "1.0.1"
      }
    },
    "global": {
      "version": "4.3.2",
      "resolved": "https://registry.npmjs.org/global/-/global-4.3.2.tgz",
      "integrity": "sha1-52mJJopsdMOJCLEwWxD8DjlOnQ8=",
      "requires": {
        "min-document": "^2.19.0",
        "process": "~0.5.1"
      }
    },
    "https-proxy-agent": {
      "version": "2.1.0",
      "resolved": "https://registry.npmjs.org/https-proxy-agent/-/https-proxy-agent-2.1.0.tgz",
      "integrity": "sha512-/DTVSUCbRc6AiyOV4DBRvPDpKKCJh4qQJNaCgypX0T41quD9hp/PB5iUyx/60XobuMPQa9ce1jNV9UOUq6PnTg==",
      "requires": {
        "agent-base": "4.1.1",
        "debug": "2.6.8"
      }
    },
    "ieee754": {
      "version": "1.1.13",
      "resolved": "https://registry.npmjs.org/ieee754/-/ieee754-1.1.13.tgz",
      "integrity": "sha512-4vf7I2LYV/HaWerSo3XmlMkp5eZ83i+/CDluXi/IGTs/O1sejBNhTtnxzmRZfvOUqj7lZjqHkeTvpgSFDlWZTg=="
    },
    "image-q": {
      "version": "1.1.1",
      "resolved": "https://registry.npmjs.org/image-q/-/image-q-1.1.1.tgz",
      "integrity": "sha1-/IQJlmRGC5DKhi2TALa/u7+/gFY="
    },
    "inflight": {
      "version": "1.0.6",
      "resolved": "https://registry.npmjs.org/inflight/-/inflight-1.0.6.tgz",
      "integrity": "sha1-Sb1jMdfQLQwJvJEKEHW6gWW1bfk=",
      "requires": {
        "once": "1.4.0",
        "wrappy": "1.0.2"
      }
    },
    "inherits": {
      "version": "2.0.3",
      "resolved": "https://registry.npmjs.org/inherits/-/inherits-2.0.3.tgz",
      "integrity": "sha1-Yzwsg+PaQqUC9SRmAiSA9CCCYd4="
    },
    "is-function": {
      "version": "1.0.2",
      "resolved": "https://registry.npmjs.org/is-function/-/is-function-1.0.2.tgz",
      "integrity": "sha512-lw7DUp0aWXYg+CBCN+JKkcE0Q2RayZnSvnZBlwgxHBQhqt5pZNVy4Ri7H9GmmXkdu7LUthszM+Tor1u/2iBcpQ=="
    },
    "isarray": {
      "version": "1.0.0",
      "resolved": "https://registry.npmjs.org/isarray/-/isarray-1.0.0.tgz",
      "integrity": "sha1-u5NdSFgsuhaMBoNJV6VKPgcSTxE="
    },
    "jimp": {
      "version": "0.13.0",
      "resolved": "https://registry.npmjs.org/jimp/-/jimp-0.13.0.tgz",
      "integrity": "sha512-N/iG8L7Qe+AcHhrgcL0m7PTP/14iybmSIuOqCDvuel9gcIKEzxbbGuPCJVMchwXzusc2E7h9UjO9LZDfXb/09w==",
      "requires": {
        "@babel/runtime": "^7.7.2",
        "@jimp/custom": "^0.13.0",
        "@jimp/plugins": "^0.13.0",
        "@jimp/types": "^0.13.0",
        "regenerator-runtime": "^0.13.3"
      }
    },
    "jpeg-js": {
      "version": "0.4.0",
      "resolved": "https://registry.npmjs.org/jpeg-js/-/jpeg-js-0.4.0.tgz",
      "integrity": "sha512-960VHmtN1vTpasX/1LupLohdP5odwAT7oK/VSm6mW0M58LbrBnowLAPWAZhWGhDAGjzbMnPXZxzB/QYgBwkN0w=="
    },
    "load-bmfont": {
      "version": "1.4.0",
      "resolved": "https://registry.npmjs.org/load-bmfont/-/load-bmfont-1.4.0.tgz",
      "integrity": "sha512-kT63aTAlNhZARowaNYcY29Fn/QYkc52M3l6V1ifRcPewg2lvUZDAj7R6dXjOL9D0sict76op3T5+odumDSF81g==",
      "requires": {
        "buffer-equal": "0.0.1",
        "mime": "^1.3.4",
        "parse-bmfont-ascii": "^1.0.3",
        "parse-bmfont-binary": "^1.0.5",
        "parse-bmfont-xml": "^1.1.4",
        "phin": "^2.9.1",
        "xhr": "^2.0.1",
        "xtend": "^4.0.0"
      }
    },
    "mime": {
      "version": "1.4.0",
      "resolved": "https://registry.npmjs.org/mime/-/mime-1.4.0.tgz",
      "integrity": "sha512-n9ChLv77+QQEapYz8lV+rIZAW3HhAPW2CXnzb1GN5uMkuczshwvkW7XPsbzU0ZQN3sP47Er2KVkp2p3KyqZKSQ=="
    },
    "min-document": {
      "version": "2.19.0",
      "resolved": "https://registry.npmjs.org/min-document/-/min-document-2.19.0.tgz",
      "integrity": "sha1-e9KC4/WELtKVu3SM3Z8f+iyCRoU=",
      "requires": {
        "dom-walk": "^0.1.0"
      }
    },
    "minimatch": {
      "version": "3.0.4",
      "resolved": "https://registry.npmjs.org/minimatch/-/minimatch-3.0.4.tgz",
      "integrity": "sha512-yJHVQEhyqPLUTgt9B83PXu6W3rx4MvvHvSUvToogpwoGDOUQ+yDrR0HRot+yOCdCO7u4hX3pWft6kWBBcqh0UA==",
      "requires": {
        "brace-expansion": "1.1.8"
      }
    },
    "minimist": {
      "version": "1.2.0",
      "resolved": "https://registry.npmjs.org/minimist/-/minimist-1.2.0.tgz",
      "integrity": "sha1-o1AIsg9BOD7sH7kU9M1d95omQoQ="
    },
    "mkdirp": {
      "version": "0.5.5",
      "resolved": "https://registry.npmjs.org/mkdirp/-/mkdirp-0.5.5.tgz",
      "integrity": "sha512-NKmAlESf6jMGym1++R0Ra7wvhV+wFW63FaSOFPwRahvea0gMUcGUhVeAg/0BC0wiv9ih5NYPB1Wn1UEI1/L+xQ==",
      "requires": {
        "minimist": "^1.2.5"
      },
      "dependencies": {
        "minimist": {
          "version": "1.2.5",
          "resolved": "https://registry.npmjs.org/minimist/-/minimist-1.2.5.tgz",
          "integrity": "sha512-FM9nNUYrRBAELZQT3xeZQ7fmMOBg6nWNmJKTcgsJeaLstP/UODVpGsr5OhXhhXg6f+qtJ8uiZ+PUxkDWcgIXLw=="
        }
      }
    },
    "ms": {
      "version": "2.0.0",
      "resolved": "https://registry.npmjs.org/ms/-/ms-2.0.0.tgz",
      "integrity": "sha1-VgiurfwAvmwpAd9fmGF4jeDVl8g="
    },
    "notp": {
      "version": "2.0.3",
      "resolved": "https://registry.npmjs.org/notp/-/notp-2.0.3.tgz",
      "integrity": "sha1-qf0R4lz+HMs5/GaJVE7kwQ75pXc="
    },
    "omggif": {
      "version": "1.0.10",
      "resolved": "https://registry.npmjs.org/omggif/-/omggif-1.0.10.tgz",
      "integrity": "sha512-LMJTtvgc/nugXj0Vcrrs68Mn2D1r0zf630VNtqtpI1FEO7e+O9FP4gqs9AcnBaSEeoHIPm28u6qgPR0oyEpGSw=="
    },
    "once": {
      "version": "1.4.0",
      "resolved": "https://registry.npmjs.org/once/-/once-1.4.0.tgz",
      "integrity": "sha1-WDsap3WWHUsROsF9nFC6753Xa9E=",
      "requires": {
        "wrappy": "1.0.2"
      }
    },
    "pako": {
      "version": "1.0.11",
      "resolved": "https://registry.npmjs.org/pako/-/pako-1.0.11.tgz",
      "integrity": "sha512-4hLB8Py4zZce5s4yd9XzopqwVv/yGNhV1Bl8NTmCq1763HeK2+EwVTv+leGeL13Dnh2wfbqowVPXCIO0z4taYw=="
    },
    "parse-bmfont-ascii": {
      "version": "1.0.6",
      "resolved": "https://registry.npmjs.org/parse-bmfont-ascii/-/parse-bmfont-ascii-1.0.6.tgz",
      "integrity": "sha1-Eaw8P/WPfCAgqyJ2kHkQjU36AoU="
    },
    "parse-bmfont-binary": {
      "version": "1.0.6",
      "resolved": "https://registry.npmjs.org/parse-bmfont-binary/-/parse-bmfont-binary-1.0.6.tgz",
      "integrity": "sha1-0Di0dtPp3Z2x4RoLDlOiJ5K2kAY="
    },
    "parse-bmfont-xml": {
      "version": "1.1.4",
      "resolved": "https://registry.npmjs.org/parse-bmfont-xml/-/parse-bmfont-xml-1.1.4.tgz",
      "integrity": "sha512-bjnliEOmGv3y1aMEfREMBJ9tfL3WR0i0CKPj61DnSLaoxWR3nLrsQrEbCId/8rF4NyRF0cCqisSVXyQYWM+mCQ==",
      "requires": {
        "xml-parse-from-string": "^1.0.0",
        "xml2js": "^0.4.5"
      }
    },
    "parse-headers": {
      "version": "2.0.3",
      "resolved": "https://registry.npmjs.org/parse-headers/-/parse-headers-2.0.3.tgz",
      "integrity": "sha512-QhhZ+DCCit2Coi2vmAKbq5RGTRcQUOE2+REgv8vdyu7MnYx2eZztegqtTx99TZ86GTIwqiy3+4nQTWZ2tgmdCA=="
    },
    "path-is-absolute": {
      "version": "1.0.1",
      "resolved": "https://registry.npmjs.org/path-is-absolute/-/path-is-absolute-1.0.1.tgz",
      "integrity": "sha1-F0uSaHNVNP+8es5r9TpanhtcX18="
    },
    "pend": {
      "version": "1.2.0",
      "resolved": "https://registry.npmjs.org/pend/-/pend-1.2.0.tgz",
      "integrity": "sha1-elfrVQpng/kRUzH89GY9XI4AelA="
    },
    "phin": {
      "version": "2.9.3",
      "resolved": "https://registry.npmjs.org/phin/-/phin-2.9.3.tgz",
      "integrity": "sha512-CzFr90qM24ju5f88quFC/6qohjC144rehe5n6DH900lgXmUe86+xCKc10ev56gRKC4/BkHUoG4uSiQgBiIXwDA=="
    },
    "pixelmatch": {
      "version": "4.0.2",
      "resolved": "https://registry.npmjs.org/pixelmatch/-/pixelmatch-4.0.2.tgz",
      "integrity": "sha1-j0fc7FARtHe2fbA8JDvB8wheiFQ=",
      "requires": {
        "pngjs": "^3.0.0"
      }
    },
    "pngjs": {
      "version": "3.4.0",
      "resolved": "https://registry.npmjs.org/pngjs/-/pngjs-3.4.0.tgz",
      "integrity": "sha512-NCrCHhWmnQklfH4MtJMRjZ2a8c80qXeMlQMv2uVp9ISJMTt562SbGd6n2oq0PaPgKm7Z6pL9E2UlLIhC+SHL3w=="
    },
    "process": {
      "version": "0.5.2",
      "resolved": "https://registry.npmjs.org/process/-/process-0.5.2.tgz",
      "integrity": "sha1-FjjYqONML0QKkduVq5rrZ3/Bhc8="
    },
    "process-nextick-args": {
      "version": "1.0.7",
      "resolved": "https://registry.npmjs.org/process-nextick-args/-/process-nextick-args-1.0.7.tgz",
      "integrity": "sha1-FQ4gt1ZZCtP5EJPyWk8q2L/zC6M="
    },
    "progress": {
      "version": "2.0.0",
      "resolved": "https://registry.npmjs.org/progress/-/progress-2.0.0.tgz",
      "integrity": "sha1-ihvjZr+Pwj2yvSPxDG/pILQ4nR8="
    },
    "proxy-from-env": {
      "version": "1.0.0",
      "resolved": "https://registry.npmjs.org/proxy-from-env/-/proxy-from-env-1.0.0.tgz",
      "integrity": "sha1-M8UDmPcOp+uW0h97gXYwpVeRx+4="
    },
    "puppeteer": {
      "version": "0.10.1",
      "resolved": "https://registry.npmjs.org/puppeteer/-/puppeteer-0.10.1.tgz",
      "integrity": "sha1-om9wEv8PzJ8hxw/54qjGDLpWioM=",
      "requires": {
        "debug": "2.6.8",
        "extract-zip": "1.6.5",
        "https-proxy-agent": "2.1.0",
        "mime": "1.4.0",
        "progress": "2.0.0",
        "proxy-from-env": "1.0.0",
        "rimraf": "2.6.1",
        "ws": "3.1.0"
      }
    },
    "qrcode-terminal": {
      "version": "0.12.0",
      "resolved": "https://registry.npmjs.org/qrcode-terminal/-/qrcode-terminal-0.12.0.tgz",
      "integrity": "sha512-EXtzRZmC+YGmGlDFbXKxQiMZNwCLEO6BANKXG4iCtSIM0yqc/pappSx3RIKr4r0uh5JsBckOXeKrB3Iz7mdQpQ=="
    },
    "readable-stream": {
      "version": "2.3.3",
      "resolved": "https://registry.npmjs.org/readable-stream/-/readable-stream-2.3.3.tgz",
      "integrity": "sha512-m+qzzcn7KUxEmd1gMbchF+Y2eIUbieUaxkWtptyHywrX0rE8QEYqPC07Vuy4Wm32/xE16NcdBctb8S0Xe/5IeQ==",
      "requires": {
        "core-util-is": "1.0.2",
        "inherits": "2.0.3",
        "isarray": "1.0.0",
        "process-nextick-args": "1.0.7",
        "safe-buffer": "5.1.1",
        "string_decoder": "1.0.3",
        "util-deprecate": "1.0.2"
      }
    },
    "regenerator-runtime": {
      "version": "0.13.5",
      "resolved": "https://registry.npmjs.org/regenerator-runtime/-/regenerator-runtime-0.13.5.tgz",
      "integrity": "sha512-ZS5w8CpKFinUzOwW3c83oPeVXoNsrLsaCoLtJvAClH135j/R77RuymhiSErhm2lKcwSCIpmvIWSbDkIfAqKQlA=="
    },
    "rimraf": {
      "version": "2.6.1",
      "resolved": "https://registry.npmjs.org/rimraf/-/rimraf-2.6.1.tgz",
      "integrity": "sha1-wjOOxkPfeht/5cVPqG9XQopV8z0=",
      "requires": {
        "glob": "7.1.2"
      }
    },
    "safe-buffer": {
      "version": "5.1.1",
      "resolved": "https://registry.npmjs.org/safe-buffer/-/safe-buffer-5.1.1.tgz",
      "integrity": "sha512-kKvNJn6Mm93gAczWVJg7wH+wGYWNrDHdWvpUmHyEsgCtIwwo3bqPtV4tR5tuPaUhTOo/kvhVwd8XwwOllGYkbg=="
    },
    "sax": {
      "version": "1.2.4",
      "resolved": "https://registry.npmjs.org/sax/-/sax-1.2.4.tgz",
      "integrity": "sha512-NqVDv9TpANUjFm0N8uM5GxL36UgKi9/atZw+x7YFnQ8ckwFGKrl4xX4yWtrey3UJm5nP1kUbnYgLopqWNSRhWw=="
    },
    "string_decoder": {
      "version": "1.0.3",
      "resolved": "https://registry.npmjs.org/string_decoder/-/string_decoder-1.0.3.tgz",
      "integrity": "sha512-4AH6Z5fzNNBcH+6XDMfA/BTt87skxqJlO0lAh3Dker5zThcAxG6mKz+iGu308UKoPPQ8Dcqx/4JhujzltRa+hQ==",
      "requires": {
        "safe-buffer": "5.1.1"
      }
    },
    "thirty-two": {
      "version": "0.0.2",
      "resolved": "https://registry.npmjs.org/thirty-two/-/thirty-two-0.0.2.tgz",
      "integrity": "sha1-QlPinYywWPBIAmfFaYwOSSflS2o="
    },
    "timm": {
      "version": "1.6.2",
      "resolved": "https://registry.npmjs.org/timm/-/timm-1.6.2.tgz",
      "integrity": "sha512-IH3DYDL1wMUwmIlVmMrmesw5lZD6N+ZOAFWEyLrtpoL9Bcrs9u7M/vyOnHzDD2SMs4irLkVjqxZbHrXStS/Nmw=="
    },
    "tinycolor2": {
      "version": "1.4.1",
      "resolved": "https://registry.npmjs.org/tinycolor2/-/tinycolor2-1.4.1.tgz",
      "integrity": "sha1-9PrTM0R7wLB9TcjpIJ2POaisd+g="
    },
    "typedarray": {
      "version": "0.0.6",
      "resolved": "https://registry.npmjs.org/typedarray/-/typedarray-0.0.6.tgz",
      "integrity": "sha1-hnrHTjhkGHsdPUfZlqeOxciDB3c="
    },
    "ultron": {
      "version": "1.1.0",
      "resolved": "https://registry.npmjs.org/ultron/-/ultron-1.1.0.tgz",
      "integrity": "sha1-sHoualQagV/Go0zNRTO67DB8qGQ="
    },
    "utif": {
      "version": "2.0.1",
      "resolved": "https://registry.npmjs.org/utif/-/utif-2.0.1.tgz",
      "integrity": "sha512-Z/S1fNKCicQTf375lIP9G8Sa1H/phcysstNrrSdZKj1f9g58J4NMgb5IgiEZN9/nLMPDwF0W7hdOe9Qq2IYoLg==",
      "requires": {
        "pako": "^1.0.5"
      }
    },
    "util-deprecate": {
      "version": "1.0.2",
      "resolved": "https://registry.npmjs.org/util-deprecate/-/util-deprecate-1.0.2.tgz",
      "integrity": "sha1-RQ1Nyfpw3nMnYvvS1KKJgUGaDM8="
    },
    "wrappy": {
      "version": "1.0.2",
      "resolved": "https://registry.npmjs.org/wrappy/-/wrappy-1.0.2.tgz",
      "integrity": "sha1-tSQ9jz7BqjXxNkYFvA0QNuMKtp8="
    },
    "ws": {
      "version": "3.1.0",
      "resolved": "https://registry.npmjs.org/ws/-/ws-3.1.0.tgz",
      "integrity": "sha512-TU4/qKFlyQFqNITNWiqPCUY9GqlAhEotlzfcZcve6VT1YEngQl1dDMqwQQS3eMYruJ5r/UD3lcsWib6iVMDGDw==",
      "requires": {
        "safe-buffer": "5.1.1",
        "ultron": "1.1.0"
      }
    },
    "xhr": {
      "version": "2.5.0",
      "resolved": "https://registry.npmjs.org/xhr/-/xhr-2.5.0.tgz",
      "integrity": "sha512-4nlO/14t3BNUZRXIXfXe+3N6w3s1KoxcJUUURctd64BLRe67E4gRwp4PjywtDY72fXpZ1y6Ch0VZQRY/gMPzzQ==",
      "requires": {
        "global": "~4.3.0",
        "is-function": "^1.0.1",
        "parse-headers": "^2.0.0",
        "xtend": "^4.0.0"
      }
    },
    "xml-parse-from-string": {
      "version": "1.0.1",
      "resolved": "https://registry.npmjs.org/xml-parse-from-string/-/xml-parse-from-string-1.0.1.tgz",
      "integrity": "sha1-qQKekp09vN7RafPG4oI42VpdWig="
    },
    "xml2js": {
      "version": "0.4.23",
      "resolved": "https://registry.npmjs.org/xml2js/-/xml2js-0.4.23.tgz",
      "integrity": "sha512-ySPiMjM0+pLDftHgXY4By0uswI3SPKLDw/i3UXbnO8M/p28zqexCUoPmQFrYD+/1BzhGJSs2i1ERWKJAtiLrug==",
      "requires": {
        "sax": ">=0.6.0",
        "xmlbuilder": "~11.0.0"
      }
    },
    "xmlbuilder": {
      "version": "11.0.1",
      "resolved": "https://registry.npmjs.org/xmlbuilder/-/xmlbuilder-11.0.1.tgz",
      "integrity": "sha512-fDlsI/kFEx7gLvbecc0/ohLG50fugQp8ryHzMTuW9vSa1GJ0XYWKnhsUx7oie3G98+r56aTQIUB4kht42R3JvA=="
    },
    "xtend": {
      "version": "4.0.2",
      "resolved": "https://registry.npmjs.org/xtend/-/xtend-4.0.2.tgz",
      "integrity": "sha512-LKYU1iAXJXUgAXn9URjiu+MWhyUXHsvfp7mcuYm9dSUKK0/CjtrUwFAxD82/mCWbtLsGjFIad0wIsod4zrTAEQ=="
    },
    "yauzl": {
      "version": "2.4.1",
      "resolved": "https://registry.npmjs.org/yauzl/-/yauzl-2.4.1.tgz",
      "integrity": "sha1-lSj0QtqxsihOWLQ3m7GU4i4MQAU=",
      "requires": {
        "fd-slicer": "1.0.1"
      }
    }
  }
}
